
Microsoft Visual Studio Solution File, Format Version 11.00
# Visual Studio 2010
Project("{FAE04EC0-301F-11D3-BF4B-00C04F79EFBC}") = "SharpBox", "SharpBox\SharpBox.csproj", "{F8978ACB-D2EE-4A61-8DAB-788CB39EBCD0}"
EndProject
Project("{FAE04EC0-301F-11D3-BF4B-00C04F79EFBC}") = "SharpBox.Tests", "SharpBox.Tests\SharpBox.Tests.csproj", "{A1A94205-2156-4203-8568-9632EADBED49}"
EndProject
Project("{2150E333-8FDC-42A3-9474-1A3956D46DE8}") = ".nuget", ".nuget", "{D2E76B1F-07F8-43BD-8881-02D2F1E8E2E5}"
	ProjectSection(SolutionItems) = preProject
		.nuget\NuGet.Config = .nuget\NuGet.Config
		.nuget\NuGet.exe = .nuget\NuGet.exe
		.nuget\NuGet.targets = .nuget\NuGet.targets
	EndProjectSection
EndProject
Global
	GlobalSection(SolutionConfigurationPlatforms) = preSolution
		Debug|Any CPU = Debug|Any CPU
		Release|Any CPU = Release|Any CPU
	EndGlobalSection
	GlobalSection(ProjectConfigurationPlatforms) = postSolution
		{F8978ACB-D2EE-4A61-8DAB-788CB39EBCD0}.Debug|Any CPU.ActiveCfg = Debug|Any CPU
		{F8978ACB-D2EE-4A61-8DAB-788CB39EBCD0}.Debug|Any CPU.Build.0 = Debug|Any CPU
		{F8978ACB-D2EE-4A61-8DAB-788CB39EBCD0}.Release|Any CPU.ActiveCfg = Release|Any CPU
		{F8978ACB-D2EE-4A61-8DAB-788CB39EBCD0}.Release|Any CPU.Build.0 = Release|Any CPU
		{A1A94205-2156-4203-8568-9632EADBED49}.Debug|Any CPU.ActiveCfg = Debug|Any CPU
		{A1A94205-2156-4203-8568-9632EADBED49}.Debug|Any CPU.Build.0 = Debug|Any CPU
		{A1A94205-2156-4203-8568-9632EADBED49}.Release|Any CPU.ActiveCfg = Release|Any CPU
		{A1A94205-2156-4203-8568-9632EADBED49}.Release|Any CPU.Build.0 = Release|Any CPU
	EndGlobalSection
	GlobalSection(SolutionProperties) = preSolution
		HideSolutionNode = FALSE
	EndGlobalSection
EndGlobal
